
Microsoft Visual Studio Solution File, Format Version 12.00
# Visual Studio Version 17
VisualStudioVersion = 17.3.32922.545
MinimumVisualStudioVersion = 10.0.40219.1
Project("{9A19103F-16F7-4668-BE54-9A1E7A4F7556}") = "BL", "BL\BL.csproj", "{154A1A4F-89E2-4206-B802-C500CF4B45EC}"
EndProject
Project("{9A19103F-16F7-4668-BE54-9A1E7A4F7556}") = "DAL", "DAL\DAL.csproj", "{CF2EE04A-2013-473B-8976-3D42DAE7D142}"
EndProject
Project("{9A19103F-16F7-4668-BE54-9A1E7A4F7556}") = "EL", "EL\EL.csproj", "{88A12C80-519F-43CD-A171-3AE4CF2A4572}"
EndProject
Project("{9A19103F-16F7-4668-BE54-9A1E7A4F7556}") = "DTO", "DTO\DTO.csproj", "{CFAF7CAB-4A1B-4FA1-8597-5E84C60E5B0C}"
EndProject
Project("{9A19103F-16F7-4668-BE54-9A1E7A4F7556}") = "FirmaSiparis.API", "FirmaSiparis.API\FirmaSiparis.API.csproj", "{0300BCBA-89AA-4096-B362-2B3FE786EBFE}"
EndProject
Project("{FAE04EC0-301F-11D3-BF4B-00C04F79EFBC}") = "Utility", "Utility\Utility.csproj", "{C4934376-1598-4BA2-B6DD-6C85DC2BD274}"
EndProject
Global
	GlobalSection(SolutionConfigurationPlatforms) = preSolution
		Debug|Any CPU = Debug|Any CPU
		Release|Any CPU = Release|Any CPU
	EndGlobalSection
	GlobalSection(ProjectConfigurationPlatforms) = postSolution
		{154A1A4F-89E2-4206-B802-C500CF4B45EC}.Debug|Any CPU.ActiveCfg = Debug|Any CPU
		{154A1A4F-89E2-4206-B802-C500CF4B45EC}.Debug|Any CPU.Build.0 = Debug|Any CPU
		{154A1A4F-89E2-4206-B802-C500CF4B45EC}.Release|Any CPU.ActiveCfg = Release|Any CPU
		{154A1A4F-89E2-4206-B802-C500CF4B45EC}.Release|Any CPU.Build.0 = Release|Any CPU
		{CF2EE04A-2013-473B-8976-3D42DAE7D142}.Debug|Any CPU.ActiveCfg = Debug|Any CPU
		{CF2EE04A-2013-473B-8976-3D42DAE7D142}.Debug|Any CPU.Build.0 = Debug|Any CPU
		{CF2EE04A-2013-473B-8976-3D42DAE7D142}.Release|Any CPU.ActiveCfg = Release|Any CPU
		{CF2EE04A-2013-473B-8976-3D42DAE7D142}.Release|Any CPU.Build.0 = Release|Any CPU
		{88A12C80-519F-43CD-A171-3AE4CF2A4572}.Debug|Any CPU.ActiveCfg = Debug|Any CPU
		{88A12C80-519F-43CD-A171-3AE4CF2A4572}.Debug|Any CPU.Build.0 = Debug|Any CPU
		{88A12C80-519F-43CD-A171-3AE4CF2A4572}.Release|Any CPU.ActiveCfg = Release|Any CPU
		{88A12C80-519F-43CD-A171-3AE4CF2A4572}.Release|Any CPU.Build.0 = Release|Any CPU
		{CFAF7CAB-4A1B-4FA1-8597-5E84C60E5B0C}.Debug|Any CPU.ActiveCfg = Debug|Any CPU
		{CFAF7CAB-4A1B-4FA1-8597-5E84C60E5B0C}.Debug|Any CPU.Build.0 = Debug|Any CPU
		{CFAF7CAB-4A1B-4FA1-8597-5E84C60E5B0C}.Release|Any CPU.ActiveCfg = Release|Any CPU
		{CFAF7CAB-4A1B-4FA1-8597-5E84C60E5B0C}.Release|Any CPU.Build.0 = Release|Any CPU
		{0300BCBA-89AA-4096-B362-2B3FE786EBFE}.Debug|Any CPU.ActiveCfg = Debug|Any CPU
		{0300BCBA-89AA-4096-B362-2B3FE786EBFE}.Debug|Any CPU.Build.0 = Debug|Any CPU
		{0300BCBA-89AA-4096-B362-2B3FE786EBFE}.Release|Any CPU.ActiveCfg = Release|Any CPU
		{0300BCBA-89AA-4096-B362-2B3FE786EBFE}.Release|Any CPU.Build.0 = Release|Any CPU
		{C4934376-1598-4BA2-B6DD-6C85DC2BD274}.Debug|Any CPU.ActiveCfg = Debug|Any CPU
		{C4934376-1598-4BA2-B6DD-6C85DC2BD274}.Debug|Any CPU.Build.0 = Debug|Any CPU
		{C4934376-1598-4BA2-B6DD-6C85DC2BD274}.Release|Any CPU.ActiveCfg = Release|Any CPU
		{C4934376-1598-4BA2-B6DD-6C85DC2BD274}.Release|Any CPU.Build.0 = Release|Any CPU
	EndGlobalSection
	GlobalSection(SolutionProperties) = preSolution
		HideSolutionNode = FALSE
	EndGlobalSection
	GlobalSection(ExtensibilityGlobals) = postSolution
		SolutionGuid = {BA207614-2B8C-4E5F-A5B8-2BB5858B583F}
	EndGlobalSection
EndGlobal
